
Microsoft Visual Studio Solution File, Format Version 12.00
# Visual Studio Version 17
VisualStudioVersion = 17.2.32630.192
MinimumVisualStudioVersion = 10.0.40219.1
Project("{8BC9CEB8-8B4A-11D0-8D11-00A0C91BC942}") = "Server", "Server\Server.vcxproj", "{0CD31A86-466A-4D15-BD54-83C279DC6C1E}"
EndProject
Project("{8BC9CEB8-8B4A-11D0-8D11-00A0C91BC942}") = "Client", "Client\Client.vcxproj", "{CDD3DFDB-A236-4F41-890E-0790F11E8D22}"
EndProject
Global
	GlobalSection(SolutionConfigurationPlatforms) = preSolution
		Debug|x64 = Debug|x64
		Debug|x86 = Debug|x86
		Release|x64 = Release|x64
		Release|x86 = Release|x86
	EndGlobalSection
	GlobalSection(ProjectConfigurationPlatforms) = postSolution
		{0CD31A86-466A-4D15-BD54-83C279DC6C1E}.Debug|x64.ActiveCfg = Debug|x64
		{0CD31A86-466A-4D15-BD54-83C279DC6C1E}.Debug|x64.Build.0 = Debug|x64
		{0CD31A86-466A-4D15-BD54-83C279DC6C1E}.Debug|x86.ActiveCfg = Debug|Win32
		{0CD31A86-466A-4D15-BD54-83C279DC6C1E}.Debug|x86.Build.0 = Debug|Win32
		{0CD31A86-466A-4D15-BD54-83C279DC6C1E}.Release|x64.ActiveCfg = Release|x64
		{0CD31A86-466A-4D15-BD54-83C279DC6C1E}.Release|x64.Build.0 = Release|x64
		{0CD31A86-466A-4D15-BD54-83C279DC6C1E}.Release|x86.ActiveCfg = Release|Win32
		{0CD31A86-466A-4D15-BD54-83C279DC6C1E}.Release|x86.Build.0 = Release|Win32
		{CDD3DFDB-A236-4F41-890E-0790F11E8D22}.Debug|x64.ActiveCfg = Debug|x64
		{CDD3DFDB-A236-4F41-890E-0790F11E8D22}.Debug|x64.Build.0 = Debug|x64
		{CDD3DFDB-A236-4F41-890E-0790F11E8D22}.Debug|x86.ActiveCfg = Debug|Win32
		{CDD3DFDB-A236-4F41-890E-0790F11E8D22}.Debug|x86.Build.0 = Debug|Win32
		{CDD3DFDB-A236-4F41-890E-0790F11E8D22}.Release|x64.ActiveCfg = Release|x64
		{CDD3DFDB-A236-4F41-890E-0790F11E8D22}.Release|x64.Build.0 = Release|x64
		{CDD3DFDB-A236-4F41-890E-0790F11E8D22}.Release|x86.ActiveCfg = Release|Win32
		{CDD3DFDB-A236-4F41-890E-0790F11E8D22}.Release|x86.Build.0 = Release|Win32
	EndGlobalSection
	GlobalSection(SolutionProperties) = preSolution
		HideSolutionNode = FALSE
	EndGlobalSection
	GlobalSection(ExtensibilityGlobals) = postSolution
		SolutionGuid = {8C269996-781A-4B39-816E-4E83DF7C7CB9}
	EndGlobalSection
EndGlobal
